Microsoft Visual Studio Solution File, Format Version 11.00
# Visual Studio 2008

Project("{0CF181C9-32D5-541C-3248-4935F9C50A90}") = "ludumdare27", "Assembly-CSharp.csproj", "{A351852D-77E1-FD7D-9916-75E07BB65504}"
EndProject
Global
	GlobalSection(SolutionConfigurationPlatforms) = preSolution
		Debug|Any CPU = Debug|Any CPU
		Release|Any CPU = Release|Any CPU
	EndGlobalSection
	GlobalSection(ProjectConfigurationPlatforms) = postSolution
		{A351852D-77E1-FD7D-9916-75E07BB65504}.Debug|Any CPU.ActiveCfg = Debug|Any CPU
		{A351852D-77E1-FD7D-9916-75E07BB65504}.Debug|Any CPU.Build.0 = Debug|Any CPU
		{A351852D-77E1-FD7D-9916-75E07BB65504}.Release|Any CPU.ActiveCfg = Release|Any CPU
		{A351852D-77E1-FD7D-9916-75E07BB65504}.Release|Any CPU.Build.0 = Release|Any CPU
	EndGlobalSection
	GlobalSection(SolutionProperties) = preSolution
		HideSolutionNode = FALSE
	EndGlobalSection
																																							GlobalSection(MonoDevelopProperties) = preSolution
		StartupItem = Assembly-CSharp.csproj
		Policies = $0
		$0.TextStylePolicy = $1
		$1.inheritsSet = null
		$1.scope = text/x-csharp
		$0.CSharpFormattingPolicy = $2
		$2.inheritsSet = Mono
		$2.inheritsScope = text/x-csharp
		$2.scope = text/x-csharp
		$0.TextStylePolicy = $3
		$3.FileWidth = 120
		$3.TabWidth = 4
		$3.EolMarker = Unix
		$3.inheritsSet = Mono
		$3.inheritsScope = text/plain
		$3.scope = text/plain
	EndGlobalSection

EndGlobal
